
Microsoft Visual Studio Solution File, Format Version 12.00
# Visual Studio Version 17
VisualStudioVersion = 17.7.34202.233
MinimumVisualStudioVersion = 10.0.40219.1
Project("{FAE04EC0-301F-11D3-BF4B-00C04F79EFBC}") = "TaskMagement.API", "TaskMagement.API.csproj", "{594BFCAD-58B5-4C29-907C-567DD215B5FD}"
EndProject
Project("{FAE04EC0-301F-11D3-BF4B-00C04F79EFBC}") = "TaskManagement.Infrastructure", "..\TaskManagement.Infrastructure\TaskManagement.Infrastructure.csproj", "{DEF5F4D1-4DB8-4FFF-85CC-F85AA36D381E}"
EndProject
Project("{FAE04EC0-301F-11D3-BF4B-00C04F79EFBC}") = "TaskMagement.Core", "..\TaskMagement.Core\TaskMagement.Core.csproj", "{942B0C30-C13D-47D6-B354-968E74D16F84}"
EndProject
Global
	GlobalSection(SolutionConfigurationPlatforms) = preSolution
		Debug|Any CPU = Debug|Any CPU
		Release|Any CPU = Release|Any CPU
	EndGlobalSection
	GlobalSection(ProjectConfigurationPlatforms) = postSolution
		{594BFCAD-58B5-4C29-907C-567DD215B5FD}.Debug|Any CPU.ActiveCfg = Debug|Any CPU
		{594BFCAD-58B5-4C29-907C-567DD215B5FD}.Debug|Any CPU.Build.0 = Debug|Any CPU
		{594BFCAD-58B5-4C29-907C-567DD215B5FD}.Release|Any CPU.ActiveCfg = Release|Any CPU
		{594BFCAD-58B5-4C29-907C-567DD215B5FD}.Release|Any CPU.Build.0 = Release|Any CPU
		{DEF5F4D1-4DB8-4FFF-85CC-F85AA36D381E}.Debug|Any CPU.ActiveCfg = Debug|Any CPU
		{DEF5F4D1-4DB8-4FFF-85CC-F85AA36D381E}.Debug|Any CPU.Build.0 = Debug|Any CPU
		{DEF5F4D1-4DB8-4FFF-85CC-F85AA36D381E}.Release|Any CPU.ActiveCfg = Release|Any CPU
		{DEF5F4D1-4DB8-4FFF-85CC-F85AA36D381E}.Release|Any CPU.Build.0 = Release|Any CPU
		{942B0C30-C13D-47D6-B354-968E74D16F84}.Debug|Any CPU.ActiveCfg = Debug|Any CPU
		{942B0C30-C13D-47D6-B354-968E74D16F84}.Debug|Any CPU.Build.0 = Debug|Any CPU
		{942B0C30-C13D-47D6-B354-968E74D16F84}.Release|Any CPU.ActiveCfg = Release|Any CPU
		{942B0C30-C13D-47D6-B354-968E74D16F84}.Release|Any CPU.Build.0 = Release|Any CPU
	EndGlobalSection
	GlobalSection(SolutionProperties) = preSolution
		HideSolutionNode = FALSE
	EndGlobalSection
	GlobalSection(ExtensibilityGlobals) = postSolution
		SolutionGuid = {57445445-D5BB-4AFD-9A85-9E6B2E14A634}
	EndGlobalSection
EndGlobal
