
Microsoft Visual Studio Solution File, Format Version 12.00
# Visual Studio Version 17
VisualStudioVersion = 17.7.34202.233
MinimumVisualStudioVersion = 10.0.40219.1
Project("{9A19103F-16F7-4668-BE54-9A1E7A4F7556}") = "TaskManagement.API", "TaskManagement.API.csproj", "{2DA612CF-0E58-4B73-9469-F5159F4CF324}"
EndProject
Project("{9A19103F-16F7-4668-BE54-9A1E7A4F7556}") = "TaskManagement.Core", "..\TaskManagement.Core\TaskManagement.Core.csproj", "{80BC6B8C-5C28-41D5-A094-79C331D959E2}"
EndProject
Project("{9A19103F-16F7-4668-BE54-9A1E7A4F7556}") = "TaskManagement.Infrastructure", "..\TaskManagement.Infrastructure\TaskManagement.Infrastructure.csproj", "{22EE9E3E-1D30-44B8-AFDC-C98FF340758E}"
EndProject
Global
	GlobalSection(SolutionConfigurationPlatforms) = preSolution
		Debug|Any CPU = Debug|Any CPU
		Release|Any CPU = Release|Any CPU
	EndGlobalSection
	GlobalSection(ProjectConfigurationPlatforms) = postSolution
		{2DA612CF-0E58-4B73-9469-F5159F4CF324}.Debug|Any CPU.ActiveCfg = Debug|Any CPU
		{2DA612CF-0E58-4B73-9469-F5159F4CF324}.Debug|Any CPU.Build.0 = Debug|Any CPU
		{2DA612CF-0E58-4B73-9469-F5159F4CF324}.Release|Any CPU.ActiveCfg = Release|Any CPU
		{2DA612CF-0E58-4B73-9469-F5159F4CF324}.Release|Any CPU.Build.0 = Release|Any CPU
		{80BC6B8C-5C28-41D5-A094-79C331D959E2}.Debug|Any CPU.ActiveCfg = Debug|Any CPU
		{80BC6B8C-5C28-41D5-A094-79C331D959E2}.Debug|Any CPU.Build.0 = Debug|Any CPU
		{80BC6B8C-5C28-41D5-A094-79C331D959E2}.Release|Any CPU.ActiveCfg = Release|Any CPU
		{80BC6B8C-5C28-41D5-A094-79C331D959E2}.Release|Any CPU.Build.0 = Release|Any CPU
		{22EE9E3E-1D30-44B8-AFDC-C98FF340758E}.Debug|Any CPU.ActiveCfg = Debug|Any CPU
		{22EE9E3E-1D30-44B8-AFDC-C98FF340758E}.Debug|Any CPU.Build.0 = Debug|Any CPU
		{22EE9E3E-1D30-44B8-AFDC-C98FF340758E}.Release|Any CPU.ActiveCfg = Release|Any CPU
		{22EE9E3E-1D30-44B8-AFDC-C98FF340758E}.Release|Any CPU.Build.0 = Release|Any CPU
	EndGlobalSection
	GlobalSection(SolutionProperties) = preSolution
		HideSolutionNode = FALSE
	EndGlobalSection
	GlobalSection(ExtensibilityGlobals) = postSolution
		SolutionGuid = {C0EDE615-38EB-4985-82DA-0D6E45B4EF5B}
	EndGlobalSection
EndGlobal
